
Microsoft Visual Studio Solution File, Format Version 12.00
# Visual Studio Version 17
VisualStudioVersion = 17.0.31903.59
MinimumVisualStudioVersion = 10.0.40219.1
Project("{2150E333-8FDC-42A3-9474-1A3956D46DE8}") = "src", "src", "{827E0CD3-B72D-47B6-A68D-7590B98EB39B}"
EndProject
Project("{FAE04EC0-301F-11D3-BF4B-00C04F79EFBC}") = "InBev.API", "src\InBev.API\InBev.API.csproj", "{6AF38186-DE6B-459B-B15F-424614985161}"
EndProject
Project("{FAE04EC0-301F-11D3-BF4B-00C04F79EFBC}") = "InBev.Application", "src\InBev.Application\InBev.Application.csproj", "{A061A838-7992-4C35-96DC-C2D08E451250}"
EndProject
Project("{FAE04EC0-301F-11D3-BF4B-00C04F79EFBC}") = "InBev.Domain", "src\InBev.Domain\InBev.Domain.csproj", "{2E0F5DD5-6C54-4C05-956E-5533113FAF7C}"
EndProject
Project("{FAE04EC0-301F-11D3-BF4B-00C04F79EFBC}") = "InBev.Infrastructure", "src\InBev.Infrastructure\InBev.Infrastructure.csproj", "{94BEB90B-9E4C-455B-8555-0210FA3C7554}"
EndProject
Project("{2150E333-8FDC-42A3-9474-1A3956D46DE8}") = "tests", "tests", "{0AB3BF05-4346-4AA6-1389-037BE0695223}"
EndProject
Project("{FAE04EC0-301F-11D3-BF4B-00C04F79EFBC}") = "InBev.UnitTests", "tests\InBev.UnitTests\InBev.UnitTests.csproj", "{799943A5-1284-40C1-8497-CF53BFBD1894}"
EndProject
Project("{FAE04EC0-301F-11D3-BF4B-00C04F79EFBC}") = "InBev.IntegrationTests", "tests\InBev.IntegrationTests\InBev.IntegrationTests.csproj", "{8CCCE1DB-3D8B-4D6F-9733-7C3D2791BF20}"
EndProject
Global
	GlobalSection(SolutionConfigurationPlatforms) = preSolution
		Debug|Any CPU = Debug|Any CPU
		Debug|x64 = Debug|x64
		Debug|x86 = Debug|x86
		Release|Any CPU = Release|Any CPU
		Release|x64 = Release|x64
		Release|x86 = Release|x86
	EndGlobalSection
	GlobalSection(ProjectConfigurationPlatforms) = postSolution
		{6AF38186-DE6B-459B-B15F-424614985161}.Debug|Any CPU.ActiveCfg = Debug|Any CPU
		{6AF38186-DE6B-459B-B15F-424614985161}.Debug|Any CPU.Build.0 = Debug|Any CPU
		{6AF38186-DE6B-459B-B15F-424614985161}.Debug|x64.ActiveCfg = Debug|Any CPU
		{6AF38186-DE6B-459B-B15F-424614985161}.Debug|x64.Build.0 = Debug|Any CPU
		{6AF38186-DE6B-459B-B15F-424614985161}.Debug|x86.ActiveCfg = Debug|Any CPU
		{6AF38186-DE6B-459B-B15F-424614985161}.Debug|x86.Build.0 = Debug|Any CPU
		{6AF38186-DE6B-459B-B15F-424614985161}.Release|Any CPU.ActiveCfg = Release|Any CPU
		{6AF38186-DE6B-459B-B15F-424614985161}.Release|Any CPU.Build.0 = Release|Any CPU
		{6AF38186-DE6B-459B-B15F-424614985161}.Release|x64.ActiveCfg = Release|Any CPU
		{6AF38186-DE6B-459B-B15F-424614985161}.Release|x64.Build.0 = Release|Any CPU
		{6AF38186-DE6B-459B-B15F-424614985161}.Release|x86.ActiveCfg = Release|Any CPU
		{6AF38186-DE6B-459B-B15F-424614985161}.Release|x86.Build.0 = Release|Any CPU
		{A061A838-7992-4C35-96DC-C2D08E451250}.Debug|Any CPU.ActiveCfg = Debug|Any CPU
		{A061A838-7992-4C35-96DC-C2D08E451250}.Debug|Any CPU.Build.0 = Debug|Any CPU
		{A061A838-7992-4C35-96DC-C2D08E451250}.Debug|x64.ActiveCfg = Debug|Any CPU
		{A061A838-7992-4C35-96DC-C2D08E451250}.Debug|x64.Build.0 = Debug|Any CPU
		{A061A838-7992-4C35-96DC-C2D08E451250}.Debug|x86.ActiveCfg = Debug|Any CPU
		{A061A838-7992-4C35-96DC-C2D08E451250}.Debug|x86.Build.0 = Debug|Any CPU
		{A061A838-7992-4C35-96DC-C2D08E451250}.Release|Any CPU.ActiveCfg = Release|Any CPU
		{A061A838-7992-4C35-96DC-C2D08E451250}.Release|Any CPU.Build.0 = Release|Any CPU
		{A061A838-7992-4C35-96DC-C2D08E451250}.Release|x64.ActiveCfg = Release|Any CPU
		{A061A838-7992-4C35-96DC-C2D08E451250}.Release|x64.Build.0 = Release|Any CPU
		{A061A838-7992-4C35-96DC-C2D08E451250}.Release|x86.ActiveCfg = Release|Any CPU
		{A061A838-7992-4C35-96DC-C2D08E451250}.Release|x86.Build.0 = Release|Any CPU
		{2E0F5DD5-6C54-4C05-956E-5533113FAF7C}.Debug|Any CPU.ActiveCfg = Debug|Any CPU
		{2E0F5DD5-6C54-4C05-956E-5533113FAF7C}.Debug|Any CPU.Build.0 = Debug|Any CPU
		{2E0F5DD5-6C54-4C05-956E-5533113FAF7C}.Debug|x64.ActiveCfg = Debug|Any CPU
		{2E0F5DD5-6C54-4C05-956E-5533113FAF7C}.Debug|x64.Build.0 = Debug|Any CPU
		{2E0F5DD5-6C54-4C05-956E-5533113FAF7C}.Debug|x86.ActiveCfg = Debug|Any CPU
		{2E0F5DD5-6C54-4C05-956E-5533113FAF7C}.Debug|x86.Build.0 = Debug|Any CPU
		{2E0F5DD5-6C54-4C05-956E-5533113FAF7C}.Release|Any CPU.ActiveCfg = Release|Any CPU
		{2E0F5DD5-6C54-4C05-956E-5533113FAF7C}.Release|Any CPU.Build.0 = Release|Any CPU
		{2E0F5DD5-6C54-4C05-956E-5533113FAF7C}.Release|x64.ActiveCfg = Release|Any CPU
		{2E0F5DD5-6C54-4C05-956E-5533113FAF7C}.Release|x64.Build.0 = Release|Any CPU
		{2E0F5DD5-6C54-4C05-956E-5533113FAF7C}.Release|x86.ActiveCfg = Release|Any CPU
		{2E0F5DD5-6C54-4C05-956E-5533113FAF7C}.Release|x86.Build.0 = Release|Any CPU
		{94BEB90B-9E4C-455B-8555-0210FA3C7554}.Debug|Any CPU.ActiveCfg = Debug|Any CPU
		{94BEB90B-9E4C-455B-8555-0210FA3C7554}.Debug|Any CPU.Build.0 = Debug|Any CPU
		{94BEB90B-9E4C-455B-8555-0210FA3C7554}.Debug|x64.ActiveCfg = Debug|Any CPU
		{94BEB90B-9E4C-455B-8555-0210FA3C7554}.Debug|x64.Build.0 = Debug|Any CPU
		{94BEB90B-9E4C-455B-8555-0210FA3C7554}.Debug|x86.ActiveCfg = Debug|Any CPU
		{94BEB90B-9E4C-455B-8555-0210FA3C7554}.Debug|x86.Build.0 = Debug|Any CPU
		{94BEB90B-9E4C-455B-8555-0210FA3C7554}.Release|Any CPU.ActiveCfg = Release|Any CPU
		{94BEB90B-9E4C-455B-8555-0210FA3C7554}.Release|Any CPU.Build.0 = Release|Any CPU
		{94BEB90B-9E4C-455B-8555-0210FA3C7554}.Release|x64.ActiveCfg = Release|Any CPU
		{94BEB90B-9E4C-455B-8555-0210FA3C7554}.Release|x64.Build.0 = Release|Any CPU
		{94BEB90B-9E4C-455B-8555-0210FA3C7554}.Release|x86.ActiveCfg = Release|Any CPU
		{94BEB90B-9E4C-455B-8555-0210FA3C7554}.Release|x86.Build.0 = Release|Any CPU
		{799943A5-1284-40C1-8497-CF53BFBD1894}.Debug|Any CPU.ActiveCfg = Debug|Any CPU
		{799943A5-1284-40C1-8497-CF53BFBD1894}.Debug|Any CPU.Build.0 = Debug|Any CPU
		{799943A5-1284-40C1-8497-CF53BFBD1894}.Debug|x64.ActiveCfg = Debug|Any CPU
		{799943A5-1284-40C1-8497-CF53BFBD1894}.Debug|x64.Build.0 = Debug|Any CPU
		{799943A5-1284-40C1-8497-CF53BFBD1894}.Debug|x86.ActiveCfg = Debug|Any CPU
		{799943A5-1284-40C1-8497-CF53BFBD1894}.Debug|x86.Build.0 = Debug|Any CPU
		{799943A5-1284-40C1-8497-CF53BFBD1894}.Release|Any CPU.ActiveCfg = Release|Any CPU
		{799943A5-1284-40C1-8497-CF53BFBD1894}.Release|Any CPU.Build.0 = Release|Any CPU
		{799943A5-1284-40C1-8497-CF53BFBD1894}.Release|x64.ActiveCfg = Release|Any CPU
		{799943A5-1284-40C1-8497-CF53BFBD1894}.Release|x64.Build.0 = Release|Any CPU
		{799943A5-1284-40C1-8497-CF53BFBD1894}.Release|x86.ActiveCfg = Release|Any CPU
		{799943A5-1284-40C1-8497-CF53BFBD1894}.Release|x86.Build.0 = Release|Any CPU
		{8CCCE1DB-3D8B-4D6F-9733-7C3D2791BF20}.Debug|Any CPU.ActiveCfg = Debug|Any CPU
		{8CCCE1DB-3D8B-4D6F-9733-7C3D2791BF20}.Debug|Any CPU.Build.0 = Debug|Any CPU
		{8CCCE1DB-3D8B-4D6F-9733-7C3D2791BF20}.Debug|x64.ActiveCfg = Debug|Any CPU
		{8CCCE1DB-3D8B-4D6F-9733-7C3D2791BF20}.Debug|x64.Build.0 = Debug|Any CPU
		{8CCCE1DB-3D8B-4D6F-9733-7C3D2791BF20}.Debug|x86.ActiveCfg = Debug|Any CPU
		{8CCCE1DB-3D8B-4D6F-9733-7C3D2791BF20}.Debug|x86.Build.0 = Debug|Any CPU
		{8CCCE1DB-3D8B-4D6F-9733-7C3D2791BF20}.Release|Any CPU.ActiveCfg = Release|Any CPU
		{8CCCE1DB-3D8B-4D6F-9733-7C3D2791BF20}.Release|Any CPU.Build.0 = Release|Any CPU
		{8CCCE1DB-3D8B-4D6F-9733-7C3D2791BF20}.Release|x64.ActiveCfg = Release|Any CPU
		{8CCCE1DB-3D8B-4D6F-9733-7C3D2791BF20}.Release|x64.Build.0 = Release|Any CPU
		{8CCCE1DB-3D8B-4D6F-9733-7C3D2791BF20}.Release|x86.ActiveCfg = Release|Any CPU
		{8CCCE1DB-3D8B-4D6F-9733-7C3D2791BF20}.Release|x86.Build.0 = Release|Any CPU
	EndGlobalSection
	GlobalSection(SolutionProperties) = preSolution
		HideSolutionNode = FALSE
	EndGlobalSection
	GlobalSection(NestedProjects) = preSolution
		{6AF38186-DE6B-459B-B15F-424614985161} = {827E0CD3-B72D-47B6-A68D-7590B98EB39B}
		{A061A838-7992-4C35-96DC-C2D08E451250} = {827E0CD3-B72D-47B6-A68D-7590B98EB39B}
		{2E0F5DD5-6C54-4C05-956E-5533113FAF7C} = {827E0CD3-B72D-47B6-A68D-7590B98EB39B}
		{94BEB90B-9E4C-455B-8555-0210FA3C7554} = {827E0CD3-B72D-47B6-A68D-7590B98EB39B}
		{799943A5-1284-40C1-8497-CF53BFBD1894} = {0AB3BF05-4346-4AA6-1389-037BE0695223}
		{8CCCE1DB-3D8B-4D6F-9733-7C3D2791BF20} = {0AB3BF05-4346-4AA6-1389-037BE0695223}
	EndGlobalSection
EndGlobal
